// !$*UTF8*$!
{
	archiveVersion = 1;
	classes = {
	};
	objectVersion = 46;
	objects = {

/* Begin PBXBuildFile section */
		22C40F01820EEBE2F732B081 /* Pods_Snapchat.framework in Frameworks */ = {isa = PBXBuildFile; fileRef = 7F331631765679B810F2DDB9 /* Pods_Snapchat.framework */; };
		3E19F98A1DD67284006C0C84 /* GoogleService-Info.plist in Resources */ = {isa = PBXBuildFile; fileRef = 3E19F9891DD67284006C0C84 /* GoogleService-Info.plist */; };
		3EA00E081DDA375D00CE691A /* SigninViewController.swift in Sources */ = {isa = PBXBuildFile; fileRef = 3EA00E071DDA375D00CE691A /* SigninViewController.swift */; };
		3EA00E0B1DDA3D5000CE691A /* SnapsViewController.swift in Sources */ = {isa = PBXBuildFile; fileRef = 3EA00E0A1DDA3D5000CE691A /* SnapsViewController.swift */; };
		3EA00E0D1DDA3F3200CE691A /* PictureViewController.swift in Sources */ = {isa = PBXBuildFile; fileRef = 3EA00E0C1DDA3F3200CE691A /* PictureViewController.swift */; };
		3EA00E0F1DDBC54600CE691A /* SelectUserViewController.swift in Sources */ = {isa = PBXBuildFile; fileRef = 3EA00E0E1DDBC54600CE691A /* SelectUserViewController.swift */; };
		3EA00E111DDE4AD800CE691A /* user.swift in Sources */ = {isa = PBXBuildFile; fileRef = 3EA00E101DDE4AD800CE691A /* user.swift */; };
		3EA00E151DDFA08800CE691A /* snap.swift in Sources */ = {isa = PBXBuildFile; fileRef = 3EA00E141DDFA08800CE691A /* snap.swift */; };
		3EA00E171DDFA6F800CE691A /* ViewSnapViewController.swift in Sources */ = {isa = PBXBuildFile; fileRef = 3EA00E161DDFA6F800CE691A /* ViewSnapViewController.swift */; };
		3EDDE45C1DD28C6500BDF047 /* AppDelegate.swift in Sources */ = {isa = PBXBuildFile; fileRef = 3EDDE45B1DD28C6500BDF047 /* AppDelegate.swift */; };
		3EDDE4611DD28C6500BDF047 /* Main.storyboard in Resources */ = {isa = PBXBuildFile; fileRef = 3EDDE45F1DD28C6500BDF047 /* Main.storyboard */; };
		3EDDE4631DD28C6500BDF047 /* Assets.xcassets in Resources */ = {isa = PBXBuildFile; fileRef = 3EDDE4621DD28C6500BDF047 /* Assets.xcassets */; };
		3EDDE4661DD28C6500BDF047 /* LaunchScreen.storyboard in Resources */ = {isa = PBXBuildFile; fileRef = 3EDDE4641DD28C6500BDF047 /* LaunchScreen.storyboard */; };
/* End PBXBuildFile section */

/* Begin PBXFileReference section */
		3E19F9891DD67284006C0C84 /* GoogleService-Info.plist */ = {isa = PBXFileReference; fileEncoding = 4; lastKnownFileType = text.plist.xml; path = "GoogleService-Info.plist"; sourceTree = "<group>"; };
		3EA00E071DDA375D00CE691A /* SigninViewController.swift */ = {isa = PBXFileReference; fileEncoding = 4; lastKnownFileType = sourcecode.swift; path = SigninViewController.swift; sourceTree = "<group>"; };
		3EA00E091DDA3C9500CE691A /* Snapchat.entitlements */ = {isa = PBXFileReference; lastKnownFileType = text.plist.entitlements; path = Snapchat.entitlements; sourceTree = "<group>"; };
		3EA00E0A1DDA3D5000CE691A /* SnapsViewController.swift */ = {isa = PBXFileReference; fileEncoding = 4; lastKnownFileType = sourcecode.swift; path = SnapsViewController.swift; sourceTree = "<group>"; };
		3EA00E0C1DDA3F3200CE691A /* PictureViewController.swift */ = {isa = PBXFileReference; fileEncoding = 4; lastKnownFileType = sourcecode.swift; path = PictureViewController.swift; sourceTree = "<group>"; };
		3EA00E0E1DDBC54600CE691A /* SelectUserViewController.swift */ = {isa = PBXFileReference; fileEncoding = 4; lastKnownFileType = sourcecode.swift; path = SelectUserViewController.swift; sourceTree = "<group>"; };
		3EA00E101DDE4AD800CE691A /* user.swift */ = {isa = PBXFileReference; fileEncoding = 4; lastKnownFileType = sourcecode.swift; path = user.swift; sourceTree = "<group>"; };
		3EA00E141DDFA08800CE691A /* snap.swift */ = {isa = PBXFileReference; fileEncoding = 4; lastKnownFileType = sourcecode.swift; path = snap.swift; sourceTree = "<group>"; };
		3EA00E161DDFA6F800CE691A /* ViewSnapViewController.swift */ = {isa = PBXFileReference; fileEncoding = 4; lastKnownFileType = sourcecode.swift; path = ViewSnapViewController.swift; sourceTree = "<group>"; };
		3EDDE4581DD28C6500BDF047 /* Snapchat.app */ = {isa = PBXFileReference; explicitFileType = wrapper.application; includeInIndex = 0; path = Snapchat.app; sourceTree = BUILT_PRODUCTS_DIR; };
		3EDDE45B1DD28C6500BDF047 /* AppDelegate.swift */ = {isa = PBXFileReference; lastKnownFileType = sourcecode.swift; path = AppDelegate.swift; sourceTree = "<group>"; };
		3EDDE4601DD28C6500BDF047 /* Base */ = {isa = PBXFileReference; lastKnownFileType = file.storyboard; name = Base; path = Base.lproj/Main.storyboard; sourceTree = "<group>"; };
		3EDDE4621DD28C6500BDF047 /* Assets.xcassets */ = {isa = PBXFileReference; lastKnownFileType = folder.assetcatalog; path = Assets.xcassets; sourceTree = "<group>"; };
		3EDDE4651DD28C6500BDF047 /* Base */ = {isa = PBXFileReference; lastKnownFileType = file.storyboard; name = Base; path = Base.lproj/LaunchScreen.storyboard; sourceTree = "<group>"; };
		3EDDE4671DD28C6500BDF047 /* Info.plist */ = {isa = PBXFileReference; lastKnownFileType = text.plist.xml; path = Info.plist; sourceTree = "<group>"; };
		7F331631765679B810F2DDB9 /* Pods_Snapchat.framework */ = {isa = PBXFileReference; explicitFileType = wrapper.framework; includeInIndex = 0; path = Pods_Snapchat.framework; sourceTree = BUILT_PRODUCTS_DIR; };
		A04A733429063E52124A159F /* Pods-Snapchat.debug.xcconfig */ = {isa = PBXFileReference; includeInIndex = 1; lastKnownFileType = text.xcconfig; name = "Pods-Snapchat.debug.xcconfig"; path = "Pods/Target Support Files/Pods-Snapchat/Pods-Snapchat.debug.xcconfig"; sourceTree = "<group>"; };
		B9CB3284BD3D1889DA72032E /* Pods-Snapchat.release.xcconfig */ = {isa = PBXFileReference; includeInIndex = 1; lastKnownFileType = text.xcconfig; name = "Pods-Snapchat.release.xcconfig"; path = "Pods/Target Support Files/Pods-Snapchat/Pods-Snapchat.release.xcconfig"; sourceTree = "<group>"; };
/* End PBXFileReference section */

/* Begin PBXFrameworksBuildPhase section */
		3EDDE4551DD28C6400BDF047 /* Frameworks */ = {
			isa = PBXFrameworksBuildPhase;
			buildActionMask = 2147483647;
			files = (
				22C40F01820EEBE2F732B081 /* Pods_Snapchat.framework in Frameworks */,
			);
			runOnlyForDeploymentPostprocessing = 0;
		};
/* End PBXFrameworksBuildPhase section */

/* Begin PBXGroup section */
		3EA00E121DDE4AEC00CE691A /* ViewControllers */ = {
			isa = PBXGroup;
			children = (
				3EA00E071DDA375D00CE691A /* SigninViewController.swift */,
				3EA00E0A1DDA3D5000CE691A /* SnapsViewController.swift */,
				3EA00E0E1DDBC54600CE691A /* SelectUserViewController.swift */,
				3EA00E0C1DDA3F3200CE691A /* PictureViewController.swift */,
				3EA00E161DDFA6F800CE691A /* ViewSnapViewController.swift */,
			);
			name = ViewControllers;
			sourceTree = "<group>";
		};
		3EA00E131DDE4B4900CE691A /* Models */ = {
			isa = PBXGroup;
			children = (
				3EA00E141DDFA08800CE691A /* snap.swift */,
				3EA00E101DDE4AD800CE691A /* user.swift */,
			);
			name = Models;
			sourceTree = "<group>";
		};
		3EDDE44F1DD28C6400BDF047 = {
			isa = PBXGroup;
			children = (
				3EDDE45A1DD28C6500BDF047 /* Snapchat */,
				3EDDE4591DD28C6500BDF047 /* Products */,
				D5E139BC960D886F6B63AE11 /* Pods */,
				600D382B1E985A7E9C82092D /* Frameworks */,
			);
			sourceTree = "<group>";
		};
		3EDDE4591DD28C6500BDF047 /* Products */ = {
			isa = PBXGroup;
			children = (
				3EDDE4581DD28C6500BDF047 /* Snapchat.app */,
			);
			name = Products;
			sourceTree = "<group>";
		};
		3EDDE45A1DD28C6500BDF047 /* Snapchat */ = {
			isa = PBXGroup;
			children = (
				3EA00E121DDE4AEC00CE691A /* ViewControllers */,
				3EA00E131DDE4B4900CE691A /* Models */,
				3EA00E091DDA3C9500CE691A /* Snapchat.entitlements */,
				3EDDE45B1DD28C6500BDF047 /* AppDelegate.swift */,
				3EDDE45F1DD28C6500BDF047 /* Main.storyboard */,
				3EDDE4621DD28C6500BDF047 /* Assets.xcassets */,
				3EDDE4641DD28C6500BDF047 /* LaunchScreen.storyboard */,
				3E19F9891DD67284006C0C84 /* GoogleService-Info.plist */,
				3EDDE4671DD28C6500BDF047 /* Info.plist */,
			);
			path = Snapchat;
			sourceTree = "<group>";
		};
		600D382B1E985A7E9C82092D /* Frameworks */ = {
			isa = PBXGroup;
			children = (
				7F331631765679B810F2DDB9 /* Pods_Snapchat.framework */,
			);
			name = Frameworks;
			sourceTree = "<group>";
		};
		D5E139BC960D886F6B63AE11 /* Pods */ = {
			isa = PBXGroup;
			children = (
				A04A733429063E52124A159F /* Pods-Snapchat.debug.xcconfig */,
				B9CB3284BD3D1889DA72032E /* Pods-Snapchat.release.xcconfig */,
			);
			name = Pods;
			sourceTree = "<group>";
		};
/* End PBXGroup section */

/* Begin PBXNativeTarget section */
		3EDDE4571DD28C6400BDF047 /* Snapchat */ = {
			isa = PBXNativeTarget;
			buildConfigurationList = 3EDDE46A1DD28C6500BDF047 /* Build configuration list for PBXNativeTarget "Snapchat" */;
			buildPhases = (
				698B855293B00AEEB4A5D1D1 /* 📦 Check Pods Manifest.lock */,
				3EDDE4541DD28C6400BDF047 /* Sources */,
				3EDDE4551DD28C6400BDF047 /* Frameworks */,
				3EDDE4561DD28C6400BDF047 /* Resources */,
				83DEBA85EC4916460858FC08 /* 📦 Embed Pods Frameworks */,
				1245A35179C20A5A2FC2E777 /* 📦 Copy Pods Resources */,
			);
			buildRules = (
			);
			dependencies = (
			);
			name = Snapchat;
			productName = Snapchat;
			productReference = 3EDDE4581DD28C6500BDF047 /* Snapchat.app */;
			productType = "com.apple.product-type.application";
		};
/* End PBXNativeTarget section */

/* Begin PBXProject section */
		3EDDE4501DD28C6400BDF047 /* Project object */ = {
			isa = PBXProject;
			attributes = {
				LastSwiftUpdateCheck = 0810;
				LastUpgradeCheck = 0810;
				ORGANIZATIONNAME = "Jeff Pan";
				TargetAttributes = {
					3EDDE4571DD28C6400BDF047 = {
						CreatedOnToolsVersion = 8.1;
						DevelopmentTeam = 2X38X69B45;
						ProvisioningStyle = Automatic;
						SystemCapabilities = {
							com.apple.Keychain = {
								enabled = 1;
							};
						};
					};
				};
			};
			buildConfigurationList = 3EDDE4531DD28C6400BDF047 /* Build configuration list for PBXProject "Snapchat" */;
			compatibilityVersion = "Xcode 3.2";
			developmentRegion = English;
			hasScannedForEncodings = 0;
			knownRegions = (
				en,
				Base,
			);
			mainGroup = 3EDDE44F1DD28C6400BDF047;
			productRefGroup = 3EDDE4591DD28C6500BDF047 /* Products */;
			projectDirPath = "";
			projectRoot = "";
			targets = (
				3EDDE4571DD28C6400BDF047 /* Snapchat */,
			);
		};
/* End PBXProject section */

/* Begin PBXResourcesBuildPhase section */
		3EDDE4561DD28C6400BDF047 /* Resources */ = {
			isa = PBXResourcesBuildPhase;
			buildActionMask = 2147483647;
			files = (
				3EDDE4661DD28C6500BDF047 /* LaunchScreen.storyboard in Resources */,
				3E19F98A1DD67284006C0C84 /* GoogleService-Info.plist in Resources */,
				3EDDE4631DD28C6500BDF047 /* Assets.xcassets in Resources */,
				3EDDE4611DD28C6500BDF047 /* Main.storyboard in Resources */,
			);
			runOnlyForDeploymentPostprocessing = 0;
		};
/* End PBXResourcesBuildPhase section */

/* Begin PBXShellScriptBuildPhase section */
		1245A35179C20A5A2FC2E777 /* 📦 Copy Pods Resources */ = {
			isa = PBXShellScriptBuildPhase;
			buildActionMask = 2147483647;
			files = (
			);
			inputPaths = (
			);
			name = "📦 Copy Pods Resources";
			outputPaths = (
			);
			runOnlyForDeploymentPostprocessing = 0;
			shellPath = /bin/sh;
			shellScript = "\"${SRCROOT}/Pods/Target Support Files/Pods-Snapchat/Pods-Snapchat-resources.sh\"\n";
			showEnvVarsInLog = 0;
		};
		698B855293B00AEEB4A5D1D1 /* 📦 Check Pods Manifest.lock */ = {
			isa = PBXShellScriptBuildPhase;
			buildActionMask = 2147483647;
			files = (
			);
			inputPaths = (
			);
			name = "📦 Check Pods Manifest.lock";
			outputPaths = (
			);
			runOnlyForDeploymentPostprocessing = 0;
			shellPath = /bin/sh;
			shellScript = "diff \"${PODS_ROOT}/../Podfile.lock\" \"${PODS_ROOT}/Manifest.lock\" > /dev/null\nif [[ $? != 0 ]] ; then\n    cat << EOM\nerror: The sandbox is not in sync with the Podfile.lock. Run 'pod install' or update your CocoaPods installation.\nEOM\n    exit 1\nfi\n";
			showEnvVarsInLog = 0;
		};
		83DEBA85EC4916460858FC08 /* 📦 Embed Pods Frameworks */ = {
			isa = PBXShellScriptBuildPhase;
			buildActionMask = 2147483647;
			files = (
			);
			inputPaths = (
			);
			name = "📦 Embed Pods Frameworks";
			outputPaths = (
			);
			runOnlyForDeploymentPostprocessing = 0;
			shellPath = /bin/sh;
			shellScript = "\"${SRCROOT}/Pods/Target Support Files/Pods-Snapchat/Pods-Snapchat-frameworks.sh\"\n";
			showEnvVarsInLog = 0;
		};
/* End PBXShellScriptBuildPhase section */

/* Begin PBXSourcesBuildPhase section */
		3EDDE4541DD28C6400BDF047 /* Sources */ = {
			isa = PBXSourcesBuildPhase;
			buildActionMask = 2147483647;
			files = (
				3EA00E151DDFA08800CE691A /* snap.swift in Sources */,
				3EA00E081DDA375D00CE691A /* SigninViewController.swift in Sources */,
				3EA00E0D1DDA3F3200CE691A /* PictureViewController.swift in Sources */,
				3EA00E171DDFA6F800CE691A /* ViewSnapViewController.swift in Sources */,
				3EA00E111DDE4AD800CE691A /* user.swift in Sources */,
				3EA00E0F1DDBC54600CE691A /* SelectUserViewController.swift in Sources */,
				3EDDE45C1DD28C6500BDF047 /* AppDelegate.swift in Sources */,
				3EA00E0B1DDA3D5000CE691A /* SnapsViewController.swift in Sources */,
			);
			runOnlyForDeploymentPostprocessing = 0;
		};
/* End PBXSourcesBuildPhase section */

/* Begin PBXVariantGroup section */
		3EDDE45F1DD28C6500BDF047 /* Main.storyboard */ = {
			isa = PBXVariantGroup;
			children = (
				3EDDE4601DD28C6500BDF047 /* Base */,
			);
			name = Main.storyboard;
			sourceTree = "<group>";
		};
		3EDDE4641DD28C6500BDF047 /* LaunchScreen.storyboard */ = {
			isa = PBXVariantGroup;
			children = (
				3EDDE4651DD28C6500BDF047 /* Base */,
			);
			name = LaunchScreen.storyboard;
			sourceTree = "<group>";
		};
/* End PBXVariantGroup section */

/* Begin XCBuildConfiguration section */
		3EDDE4681DD28C6500BDF047 /* Debug */ = {
			isa = XCBuildConfiguration;
			buildSettings = {
				ALWAYS_SEARCH_USER_PATHS = NO;
				CLANG_ANALYZER_NONNULL = YES;
				CLANG_CXX_LANGUAGE_STANDARD = "gnu++0x";
				CLANG_CXX_LIBRARY = "libc++";
				CLANG_ENABLE_MODULES = YES;
				CLANG_ENABLE_OBJC_ARC = YES;
				CLANG_WARN_BOOL_CONVERSION = YES;
				CLANG_WARN_CONSTANT_CONVERSION = YES;
				CLANG_WARN_DIRECT_OBJC_ISA_USAGE = YES_ERROR;
				CLANG_WARN_DOCUMENTATION_COMMENTS = YES;
				CLANG_WARN_EMPTY_BODY = YES;
				CLANG_WARN_ENUM_CONVERSION = YES;
				CLANG_WARN_INFINITE_RECURSION = YES;
				CLANG_WARN_INT_CONVERSION = YES;
				CLANG_WARN_OBJC_ROOT_CLASS = YES_ERROR;
				CLANG_WARN_SUSPICIOUS_MOVES = YES;
				CLANG_WARN_UNREACHABLE_CODE = YES;
				CLANG_WARN__DUPLICATE_METHOD_MATCH = YES;
				"CODE_SIGN_IDENTITY[sdk=iphoneos*]" = "iPhone Developer";
				COPY_PHASE_STRIP = NO;
				DEBUG_INFORMATION_FORMAT = dwarf;
				ENABLE_STRICT_OBJC_MSGSEND = YES;
				ENABLE_TESTABILITY = YES;
				GCC_C_LANGUAGE_STANDARD = gnu99;
				GCC_DYNAMIC_NO_PIC = NO;
				GCC_NO_COMMON_BLOCKS = YES;
				GCC_OPTIMIZATION_LEVEL = 0;
				GCC_PREPROCESSOR_DEFINITIONS = (
					"DEBUG=1",
					"$(inherited)",
				);
				GCC_WARN_64_TO_32_BIT_CONVERSION = YES;
				GCC_WARN_ABOUT_RETURN_TYPE = YES_ERROR;
				GCC_WARN_UNDECLARED_SELECTOR = YES;
				GCC_WARN_UNINITIALIZED_AUTOS = YES_AGGRESSIVE;
				GCC_WARN_UNUSED_FUNCTION = YES;
				GCC_WARN_UNUSED_VARIABLE = YES;
				IPHONEOS_DEPLOYMENT_TARGET = 10.1;
				MTL_ENABLE_DEBUG_INFO = YES;
				ONLY_ACTIVE_ARCH = YES;
				SDKROOT = iphoneos;
				SWIFT_ACTIVE_COMPILATION_CONDITIONS = DEBUG;
				SWIFT_OPTIMIZATION_LEVEL = "-Onone";
				TARGETED_DEVICE_FAMILY = "1,2";
			};
			name = Debug;
		};
		3EDDE4691DD28C6500BDF047 /* Release */ = {
			isa = XCBuildConfiguration;
			buildSettings = {
				ALWAYS_SEARCH_USER_PATHS = NO;
				CLANG_ANALYZER_NONNULL = YES;
				CLANG_CXX_LANGUAGE_STANDARD = "gnu++0x";
				CLANG_CXX_LIBRARY = "libc++";
				CLANG_ENABLE_MODULES = YES;
				CLANG_ENABLE_OBJC_ARC = YES;
				CLANG_WARN_BOOL_CONVERSION = YES;
				CLANG_WARN_CONSTANT_CONVERSION = YES;
				CLANG_WARN_DIRECT_OBJC_ISA_USAGE = YES_ERROR;
				CLANG_WARN_DOCUMENTATION_COMMENTS = YES;
				CLANG_WARN_EMPTY_BODY = YES;
				CLANG_WARN_ENUM_CONVERSION = YES;
				CLANG_WARN_INFINITE_RECURSION = YES;
				CLANG_WARN_INT_CONVERSION = YES;
				CLANG_WARN_OBJC_ROOT_CLASS = YES_ERROR;
				CLANG_WARN_SUSPICIOUS_MOVES = YES;
				CLANG_WARN_UNREACHABLE_CODE = YES;
				CLANG_WARN__DUPLICATE_METHOD_MATCH = YES;
				"CODE_SIGN_IDENTITY[sdk=iphoneos*]" = "iPhone Developer";
				COPY_PHASE_STRIP = NO;
				DEBUG_INFORMATION_FORMAT = "dwarf-with-dsym";
				ENABLE_NS_ASSERTIONS = NO;
				ENABLE_STRICT_OBJC_MSGSEND = YES;
				GCC_C_LANGUAGE_STANDARD = gnu99;
				GCC_NO_COMMON_BLOCKS = YES;
				GCC_WARN_64_TO_32_BIT_CONVERSION = YES;
				GCC_WARN_ABOUT_RETURN_TYPE = YES_ERROR;
				GCC_WARN_UNDECLARED_SELECTOR = YES;
				GCC_WARN_UNINITIALIZED_AUTOS = YES_AGGRESSIVE;
				GCC_WARN_UNUSED_FUNCTION = YES;
				GCC_WARN_UNUSED_VARIABLE = YES;
				IPHONEOS_DEPLOYMENT_TARGET = 10.1;
				MTL_ENABLE_DEBUG_INFO = NO;
				SDKROOT = iphoneos;
				SWIFT_OPTIMIZATION_LEVEL = "-Owholemodule";
				TARGETED_DEVICE_FAMILY = "1,2";
				VALIDATE_PRODUCT = YES;
			};
			name = Release;
		};
		3EDDE46B1DD28C6500BDF047 /* Debug */ = {
			isa = XCBuildConfiguration;
			baseConfigurationReference = A04A733429063E52124A159F /* Pods-Snapchat.debug.xcconfig */;
			buildSettings = {
				ASSETCATALOG_COMPILER_APPICON_NAME = AppIcon;
				CODE_SIGN_ENTITLEMENTS = Snapchat/Snapchat.entitlements;
				DEVELOPMENT_TEAM = 2X38X69B45;
				INFOPLIST_FILE = Snapchat/Info.plist;
				LD_RUNPATH_SEARCH_PATHS = "$(inherited) @executable_path/Frameworks";
				PRODUCT_BUNDLE_IDENTIFIER = aeffect.Snapchat;
				PRODUCT_NAME = "$(TARGET_NAME)";
				SWIFT_VERSION = 3.0;
			};
			name = Debug;
		};
		3EDDE46C1DD28C6500BDF047 /* Release */ = {
			isa = XCBuildConfiguration;
			baseConfigurationReference = B9CB3284BD3D1889DA72032E /* Pods-Snapchat.release.xcconfig */;
			buildSettings = {
				ASSETCATALOG_COMPILER_APPICON_NAME = AppIcon;
				CODE_SIGN_ENTITLEMENTS = Snapchat/Snapchat.entitlements;
				DEVELOPMENT_TEAM = 2X38X69B45;
				INFOPLIST_FILE = Snapchat/Info.plist;
				LD_RUNPATH_SEARCH_PATHS = "$(inherited) @executable_path/Frameworks";
				PRODUCT_BUNDLE_IDENTIFIER = aeffect.Snapchat;
				PRODUCT_NAME = "$(TARGET_NAME)";
				SWIFT_VERSION = 3.0;
			};
			name = Release;
		};
/* End XCBuildConfiguration section */

/* Begin XCConfigurationList section */
		3EDDE4531DD28C6400BDF047 /* Build configuration list for PBXProject "Snapchat" */ = {
			isa = XCConfigurationList;
			buildConfigurations = (
				3EDDE4681DD28C6500BDF047 /* Debug */,
				3EDDE4691DD28C6500BDF047 /* Release */,
			);
			defaultConfigurationIsVisible = 0;
			defaultConfigurationName = Release;
		};
		3EDDE46A1DD28C6500BDF047 /* Build configuration list for PBXNativeTarget "Snapchat" */ = {
			isa = XCConfigurationList;
			buildConfigurations = (
				3EDDE46B1DD28C6500BDF047 /* Debug */,
				3EDDE46C1DD28C6500BDF047 /* Release */,
			);
			defaultConfigurationIsVisible = 0;
			defaultConfigurationName = Release;
		};
/* End XCConfigurationList section */
	};
	rootObject = 3EDDE4501DD28C6400BDF047 /* Project object */;
}
